{
  "version": 4,
  "terraform_version": "1.11.2",
  "serial": 83,
  "lineage": "5956f2bb-8bbd-0d62-4488-1dbd0fc4f2fb",
  "outputs": {
    "api_url": {
      "value": "http://157.180.30.232:3000",
      "type": "string"
    },
    "app_ip": {
      "value": "157.180.30.232",
      "type": "string"
    },
    "application_url": {
      "value": "http://157.180.30.232",
      "type": "string"
    },
    "deployment_version": {
      "value": "1.0.4",
      "type": "string"
    },
    "server_status": {
      "value": "running",
      "type": "string"
    }
  },
  "resources": [
    {
      "mode": "data",
      "type": "hcloud_ssh_key",
      "name": "existing",
      "provider": "provider[\"registry.terraform.io/hetznercloud/hcloud\"]",
      "instances": [
        {
          "schema_version": 0,
          "attributes": {
            "fingerprint": "fb:86:59:f3:fd:32:4e:37:2d:40:b6:bb:06:67:5f:27",
            "id": 27905467,
            "labels": {},
            "name": "FisioApp Deployment Key",
            "public_key": "ssh-rsa AAAAB3NzaC1yc2EAAAADAQABAAABgQCtTh2smkC9636jNAGri/uk7SZs/95gQixQ4ptDJ3korSUppDdks3wSTe4zjl7/s88PfG9k4daq1NmLMKnAZeTwccFFrnqu6nlQHrGy4GMLHmWaDLuhuDYHl1jA+QvnhqeNkcDxcH3qgFwjoLIgg58hFrtgVMFk2CSKlLN2vOipenRZXXxs/Deos/WISvcUlO/v03f9KgvG+s/fAq+axAdoebjIvFB5LFVJdamJbJICdmvkTQJGlfdZ3lJIsknj/3O4w+XVYK2DD1gZ4wZ93b8CEfnjSCG/OWE8eK89G6zhXHXox02N/Xc/ZkWuUgBZKlW4A4aKC8wLvpl1kLSfof02QXKqVJx9/X1lrTXD+v7rYvcp24TJXgkCMUYkpggoqG1dqdu5GqQR+7c5AQ904IuRa2xp6EWwTvQMDyCEeo98A4djY9y+ve/y4gNPiPRc+oRsm876qoGeV6+Hc2uYF9yNWAeBazUudwwxQyBiD9GEYkxbImGa84kxgWlc0PbhL2E= fran@MacBook-Pro-de-Fran.local\n",
            "selector": null,
            "with_selector": null
          },
          "sensitive_attributes": []
        }
      ]
    },
    {
      "mode": "managed",
      "type": "hcloud_firewall",
      "name": "app_firewall",
      "provider": "provider[\"registry.terraform.io/hetznercloud/hcloud\"]",
      "instances": [
        {
          "schema_version": 0,
          "attributes": {
            "apply_to": [
              {
                "label_selector": "",
                "server": 61275345
              }
            ],
            "id": "1962119",
            "labels": {},
            "name": "app-firewall",
            "rule": [
              {
                "description": "",
                "destination_ips": [],
                "direction": "in",
                "port": "22",
                "protocol": "tcp",
                "source_ips": [
                  "0.0.0.0/0",
                  "::/0"
                ]
              },
              {
                "description": "",
                "destination_ips": [],
                "direction": "in",
                "port": "443",
                "protocol": "tcp",
                "source_ips": [
                  "0.0.0.0/0",
                  "::/0"
                ]
              },
              {
                "description": "",
                "destination_ips": [],
                "direction": "in",
                "port": "5432",
                "protocol": "tcp",
                "source_ips": [
                  "0.0.0.0/0",
                  "::/0"
                ]
              },
              {
                "description": "",
                "destination_ips": [],
                "direction": "in",
                "port": "80",
                "protocol": "tcp",
                "source_ips": [
                  "0.0.0.0/0",
                  "::/0"
                ]
              }
            ]
          },
          "sensitive_attributes": [],
          "private": "eyJzY2hlbWFfdmVyc2lvbiI6IjAifQ=="
        }
      ]
    },
    {
      "mode": "managed",
      "type": "hcloud_server",
      "name": "app_server",
      "provider": "provider[\"registry.terraform.io/hetznercloud/hcloud\"]",
      "instances": [
        {
          "schema_version": 0,
          "attributes": {
            "allow_deprecated_images": null,
            "backup_window": "",
            "backups": false,
            "datacenter": "hel1-dc2",
            "delete_protection": false,
            "firewall_ids": [
              1962119
            ],
            "id": "61275345",
            "ignore_remote_firewall_ids": null,
            "image": "ubuntu-20.04",
            "ipv4_address": "157.180.30.232",
            "ipv6_address": "2a01:4f9:c012:af14::1",
            "ipv6_network": "2a01:4f9:c012:af14::/64",
            "iso": null,
            "keep_disk": null,
            "labels": {},
            "location": "hel1",
            "name": "fisioapp-server",
            "network": [],
            "placement_group_id": 0,
            "primary_disk_size": 40,
            "public_net": [],
            "rebuild_protection": false,
            "rescue": null,
            "server_type": "cx22",
            "shutdown_before_deletion": null,
            "ssh_keys": null,
            "status": "running",
            "timeouts": null,
            "user_data": null
          },
          "sensitive_attributes": [],
          "private": "eyJlMmJmYjczMC1lY2FhLTExZTYtOGY4OC0zNDM2M2JjN2M0YzAiOnsiY3JlYXRlIjo1NDAwMDAwMDAwMDAwfSwic2NoZW1hX3ZlcnNpb24iOiIwIn0=",
          "dependencies": [
            "data.hcloud_ssh_key.existing",
            "hcloud_firewall.app_firewall"
          ]
        }
      ]
    },
    {
      "mode": "managed",
      "type": "null_resource",
      "name": "deployment",
      "provider": "provider[\"registry.terraform.io/hashicorp/null\"]",
      "instances": [
        {
          "schema_version": 0,
          "attributes": {
            "id": "5806836357008907261",
            "triggers": {
              "deployment_version": "1.0.4"
            }
          },
          "sensitive_attributes": [],
          "dependencies": [
            "data.hcloud_ssh_key.existing",
            "hcloud_firewall.app_firewall",
            "hcloud_server.app_server"
          ]
        }
      ]
    },
    {
      "mode": "managed",
      "type": "null_resource",
      "name": "setup_backups",
      "provider": "provider[\"registry.terraform.io/hashicorp/null\"]",
      "instances": [
        {
          "schema_version": 0,
          "attributes": {
            "id": "669955071696266629",
            "triggers": {
              "backup_script_hash": "6743d3dca1b16290eb64f6379290a329db3c39db521e3e6674e2202ba1d79982"
            }
          },
          "sensitive_attributes": [],
          "dependencies": [
            "data.hcloud_ssh_key.existing",
            "hcloud_firewall.app_firewall",
            "hcloud_server.app_server",
            "null_resource.deployment"
          ]
        }
      ]
    }
  ],
  "check_results": null
}
